
Microsoft Visual Studio Solution File, Format Version 12.00
# Visual Studio 15
VisualStudioVersion = 15.0.28010.2019
MinimumVisualStudioVersion = 10.0.40219.1
Project("{FAE04EC0-301F-11D3-BF4B-00C04F79EFBC}") = "uwp-ex1", "uwp-ex1\uwp-ex1.csproj", "{F4B92EB8-D92C-4F5E-A624-581CBF4ECDA1}"
EndProject
Global
	GlobalSection(SolutionConfigurationPlatforms) = preSolution
		Debug|ARM = Debug|ARM
		Debug|x64 = Debug|x64
		Debug|x86 = Debug|x86
		Release|ARM = Release|ARM
		Release|x64 = Release|x64
		Release|x86 = Release|x86
	EndGlobalSection
	GlobalSection(ProjectConfigurationPlatforms) = postSolution
		{F4B92EB8-D92C-4F5E-A624-581CBF4ECDA1}.Debug|ARM.ActiveCfg = Debug|ARM
		{F4B92EB8-D92C-4F5E-A624-581CBF4ECDA1}.Debug|ARM.Build.0 = Debug|ARM
		{F4B92EB8-D92C-4F5E-A624-581CBF4ECDA1}.Debug|ARM.Deploy.0 = Debug|ARM
		{F4B92EB8-D92C-4F5E-A624-581CBF4ECDA1}.Debug|x64.ActiveCfg = Debug|x64
		{F4B92EB8-D92C-4F5E-A624-581CBF4ECDA1}.Debug|x64.Build.0 = Debug|x64
		{F4B92EB8-D92C-4F5E-A624-581CBF4ECDA1}.Debug|x64.Deploy.0 = Debug|x64
		{F4B92EB8-D92C-4F5E-A624-581CBF4ECDA1}.Debug|x86.ActiveCfg = Debug|x86
		{F4B92EB8-D92C-4F5E-A624-581CBF4ECDA1}.Debug|x86.Build.0 = Debug|x86
		{F4B92EB8-D92C-4F5E-A624-581CBF4ECDA1}.Debug|x86.Deploy.0 = Debug|x86
		{F4B92EB8-D92C-4F5E-A624-581CBF4ECDA1}.Release|ARM.ActiveCfg = Release|ARM
		{F4B92EB8-D92C-4F5E-A624-581CBF4ECDA1}.Release|ARM.Build.0 = Release|ARM
		{F4B92EB8-D92C-4F5E-A624-581CBF4ECDA1}.Release|ARM.Deploy.0 = Release|ARM
		{F4B92EB8-D92C-4F5E-A624-581CBF4ECDA1}.Release|x64.ActiveCfg = Release|x64
		{F4B92EB8-D92C-4F5E-A624-581CBF4ECDA1}.Release|x64.Build.0 = Release|x64
		{F4B92EB8-D92C-4F5E-A624-581CBF4ECDA1}.Release|x64.Deploy.0 = Release|x64
		{F4B92EB8-D92C-4F5E-A624-581CBF4ECDA1}.Release|x86.ActiveCfg = Release|x86
		{F4B92EB8-D92C-4F5E-A624-581CBF4ECDA1}.Release|x86.Build.0 = Release|x86
		{F4B92EB8-D92C-4F5E-A624-581CBF4ECDA1}.Release|x86.Deploy.0 = Release|x86
	EndGlobalSection
	GlobalSection(SolutionProperties) = preSolution
		HideSolutionNode = FALSE
	EndGlobalSection
	GlobalSection(ExtensibilityGlobals) = postSolution
		SolutionGuid = {2821D32C-EC34-4171-834C-34AF3FEE9D32}
	EndGlobalSection
EndGlobal
